
Microsoft Visual Studio Solution File, Format Version 12.00
# Visual Studio Version 17
VisualStudioVersion = 17.6.33717.318
MinimumVisualStudioVersion = 10.0.40219.1
Project("{FAE04EC0-301F-11D3-BF4B-00C04F79EFBC}") = "NotificationSystem", "NotificationSystem\NotificationSystem.csproj", "{7F0F50B2-BFC4-4EEE-A695-4AA9169CE0E6}"
EndProject
Project("{FAE04EC0-301F-11D3-BF4B-00C04F79EFBC}") = "NotificationSystem.Moq", "NotificationSystem.Moq\NotificationSystem.Moq.csproj", "{C031FD55-85B9-4504-B700-47C00FE65C42}"
EndProject
Global
	GlobalSection(SolutionConfigurationPlatforms) = preSolution
		Debug|Any CPU = Debug|Any CPU
		Release|Any CPU = Release|Any CPU
	EndGlobalSection
	GlobalSection(ProjectConfigurationPlatforms) = postSolution
		{7F0F50B2-BFC4-4EEE-A695-4AA9169CE0E6}.Debug|Any CPU.ActiveCfg = Debug|Any CPU
		{7F0F50B2-BFC4-4EEE-A695-4AA9169CE0E6}.Debug|Any CPU.Build.0 = Debug|Any CPU
		{7F0F50B2-BFC4-4EEE-A695-4AA9169CE0E6}.Release|Any CPU.ActiveCfg = Release|Any CPU
		{7F0F50B2-BFC4-4EEE-A695-4AA9169CE0E6}.Release|Any CPU.Build.0 = Release|Any CPU
		{C031FD55-85B9-4504-B700-47C00FE65C42}.Debug|Any CPU.ActiveCfg = Debug|Any CPU
		{C031FD55-85B9-4504-B700-47C00FE65C42}.Debug|Any CPU.Build.0 = Debug|Any CPU
		{C031FD55-85B9-4504-B700-47C00FE65C42}.Release|Any CPU.ActiveCfg = Release|Any CPU
		{C031FD55-85B9-4504-B700-47C00FE65C42}.Release|Any CPU.Build.0 = Release|Any CPU
	EndGlobalSection
	GlobalSection(SolutionProperties) = preSolution
		HideSolutionNode = FALSE
	EndGlobalSection
	GlobalSection(ExtensibilityGlobals) = postSolution
		SolutionGuid = {8BBB3DE1-0633-4147-B788-A99212907658}
	EndGlobalSection
EndGlobal
